
Microsoft Visual Studio Solution File, Format Version 12.00
# Visual Studio 14
VisualStudioVersion = 14.0.25420.1
MinimumVisualStudioVersion = 10.0.40219.1
Project("{8BC9CEB8-8B4A-11D0-8D11-00A0C91BC942}") = "ReCrafted", "ReCrafted.vcxproj", "{6C278C30-49B8-4091-9C2F-9A339C6B8AE8}"
EndProject
Project("{FAE04EC0-301F-11D3-BF4B-00C04F79EFBC}") = "ReCrafted.ShaderCompiler", "..\ShaderCompiler\ReCrafted.ShaderCompiler.csproj", "{F59413D5-1BD2-45F9-A95F-5B5D802C7E8D}"
EndProject
Project("{FAE04EC0-301F-11D3-BF4B-00C04F79EFBC}") = "ReCrafted.VersionBuilder", "..\ReCrafted.VersionBuilder\ReCrafted.VersionBuilder.csproj", "{AEC7181D-9896-4C25-AD00-10A46DEC0D04}"
EndProject
Global
	GlobalSection(SolutionConfigurationPlatforms) = preSolution
		Debug|Any CPU = Debug|Any CPU
		Debug|x64 = Debug|x64
		Debug|x86 = Debug|x86
		Release|Any CPU = Release|Any CPU
		Release|x64 = Release|x64
		Release|x86 = Release|x86
	EndGlobalSection
	GlobalSection(ProjectConfigurationPlatforms) = postSolution
		{6C278C30-49B8-4091-9C2F-9A339C6B8AE8}.Debug|Any CPU.ActiveCfg = Debug|Win32
		{6C278C30-49B8-4091-9C2F-9A339C6B8AE8}.Debug|x64.ActiveCfg = Debug|x64
		{6C278C30-49B8-4091-9C2F-9A339C6B8AE8}.Debug|x64.Build.0 = Debug|x64
		{6C278C30-49B8-4091-9C2F-9A339C6B8AE8}.Debug|x86.ActiveCfg = Debug|Win32
		{6C278C30-49B8-4091-9C2F-9A339C6B8AE8}.Debug|x86.Build.0 = Debug|Win32
		{6C278C30-49B8-4091-9C2F-9A339C6B8AE8}.Release|Any CPU.ActiveCfg = Release|Win32
		{6C278C30-49B8-4091-9C2F-9A339C6B8AE8}.Release|x64.ActiveCfg = Release|x64
		{6C278C30-49B8-4091-9C2F-9A339C6B8AE8}.Release|x64.Build.0 = Release|x64
		{6C278C30-49B8-4091-9C2F-9A339C6B8AE8}.Release|x86.ActiveCfg = Release|Win32
		{6C278C30-49B8-4091-9C2F-9A339C6B8AE8}.Release|x86.Build.0 = Release|Win32
		{F59413D5-1BD2-45F9-A95F-5B5D802C7E8D}.Debug|Any CPU.ActiveCfg = Debug|Any CPU
		{F59413D5-1BD2-45F9-A95F-5B5D802C7E8D}.Debug|Any CPU.Build.0 = Debug|Any CPU
		{F59413D5-1BD2-45F9-A95F-5B5D802C7E8D}.Debug|x64.ActiveCfg = Debug|Any CPU
		{F59413D5-1BD2-45F9-A95F-5B5D802C7E8D}.Debug|x86.ActiveCfg = Debug|Any CPU
		{F59413D5-1BD2-45F9-A95F-5B5D802C7E8D}.Debug|x86.Build.0 = Debug|Any CPU
		{F59413D5-1BD2-45F9-A95F-5B5D802C7E8D}.Release|Any CPU.ActiveCfg = Release|Any CPU
		{F59413D5-1BD2-45F9-A95F-5B5D802C7E8D}.Release|Any CPU.Build.0 = Release|Any CPU
		{F59413D5-1BD2-45F9-A95F-5B5D802C7E8D}.Release|x64.ActiveCfg = Release|Any CPU
		{F59413D5-1BD2-45F9-A95F-5B5D802C7E8D}.Release|x64.Build.0 = Release|Any CPU
		{F59413D5-1BD2-45F9-A95F-5B5D802C7E8D}.Release|x86.ActiveCfg = Release|Any CPU
		{F59413D5-1BD2-45F9-A95F-5B5D802C7E8D}.Release|x86.Build.0 = Release|Any CPU
		{AEC7181D-9896-4C25-AD00-10A46DEC0D04}.Debug|Any CPU.ActiveCfg = Debug|Any CPU
		{AEC7181D-9896-4C25-AD00-10A46DEC0D04}.Debug|Any CPU.Build.0 = Debug|Any CPU
		{AEC7181D-9896-4C25-AD00-10A46DEC0D04}.Debug|x64.ActiveCfg = Debug|Any CPU
		{AEC7181D-9896-4C25-AD00-10A46DEC0D04}.Debug|x86.ActiveCfg = Debug|Any CPU
		{AEC7181D-9896-4C25-AD00-10A46DEC0D04}.Debug|x86.Build.0 = Debug|Any CPU
		{AEC7181D-9896-4C25-AD00-10A46DEC0D04}.Release|Any CPU.ActiveCfg = Release|Any CPU
		{AEC7181D-9896-4C25-AD00-10A46DEC0D04}.Release|Any CPU.Build.0 = Release|Any CPU
		{AEC7181D-9896-4C25-AD00-10A46DEC0D04}.Release|x64.ActiveCfg = Release|Any CPU
		{AEC7181D-9896-4C25-AD00-10A46DEC0D04}.Release|x64.Build.0 = Release|Any CPU
		{AEC7181D-9896-4C25-AD00-10A46DEC0D04}.Release|x86.ActiveCfg = Release|Any CPU
		{AEC7181D-9896-4C25-AD00-10A46DEC0D04}.Release|x86.Build.0 = Release|Any CPU
	EndGlobalSection
	GlobalSection(SolutionProperties) = preSolution
		HideSolutionNode = FALSE
	EndGlobalSection
EndGlobal
